
Microsoft Visual Studio Solution File, Format Version 12.00
# Visual Studio Version 16
VisualStudioVersion = 16.0.31105.61
MinimumVisualStudioVersion = 10.0.40219.1
Project("{FAE04EC0-301F-11D3-BF4B-00C04F79EFBC}") = "GenshinLibrary", "GenshinLibrary\GenshinLibrary.csproj", "{90709F49-620B-4485-B12F-50EA17830A44}"
EndProject
Project("{FAE04EC0-301F-11D3-BF4B-00C04F79EFBC}") = "GenshinMVC", "GenshinMVC\GenshinMVC.csproj", "{7C9F3E8D-5EC2-45B0-BE2B-BF75AC12FCD2}"
EndProject
Global
	GlobalSection(SolutionConfigurationPlatforms) = preSolution
		Debug|Any CPU = Debug|Any CPU
		Release|Any CPU = Release|Any CPU
	EndGlobalSection
	GlobalSection(ProjectConfigurationPlatforms) = postSolution
		{90709F49-620B-4485-B12F-50EA17830A44}.Debug|Any CPU.ActiveCfg = Debug|Any CPU
		{90709F49-620B-4485-B12F-50EA17830A44}.Debug|Any CPU.Build.0 = Debug|Any CPU
		{90709F49-620B-4485-B12F-50EA17830A44}.Release|Any CPU.ActiveCfg = Release|Any CPU
		{90709F49-620B-4485-B12F-50EA17830A44}.Release|Any CPU.Build.0 = Release|Any CPU
		{7C9F3E8D-5EC2-45B0-BE2B-BF75AC12FCD2}.Debug|Any CPU.ActiveCfg = Debug|Any CPU
		{7C9F3E8D-5EC2-45B0-BE2B-BF75AC12FCD2}.Debug|Any CPU.Build.0 = Debug|Any CPU
		{7C9F3E8D-5EC2-45B0-BE2B-BF75AC12FCD2}.Release|Any CPU.ActiveCfg = Release|Any CPU
		{7C9F3E8D-5EC2-45B0-BE2B-BF75AC12FCD2}.Release|Any CPU.Build.0 = Release|Any CPU
	EndGlobalSection
	GlobalSection(SolutionProperties) = preSolution
		HideSolutionNode = FALSE
	EndGlobalSection
	GlobalSection(ExtensibilityGlobals) = postSolution
		SolutionGuid = {9C934C8E-ED3E-4382-99AA-17676CB869D6}
	EndGlobalSection
EndGlobal
